
Microsoft Visual Studio Solution File, Format Version 12.00
# Visual Studio Version 17
VisualStudioVersion = 17.9.34607.119
MinimumVisualStudioVersion = 10.0.40219.1
Project("{FAE04EC0-301F-11D3-BF4B-00C04F79EFBC}") = "BulkyBookWeb", "BulkyBookWeb\BulkyBookWeb.csproj", "{0470B111-43E0-44E5-97A5-2DDA69A444A0}"
EndProject
Global
	GlobalSection(SolutionConfigurationPlatforms) = preSolution
		Debug|Any CPU = Debug|Any CPU
		Release|Any CPU = Release|Any CPU
	EndGlobalSection
	GlobalSection(ProjectConfigurationPlatforms) = postSolution
		{0470B111-43E0-44E5-97A5-2DDA69A444A0}.Debug|Any CPU.ActiveCfg = Debug|Any CPU
		{0470B111-43E0-44E5-97A5-2DDA69A444A0}.Debug|Any CPU.Build.0 = Debug|Any CPU
		{0470B111-43E0-44E5-97A5-2DDA69A444A0}.Release|Any CPU.ActiveCfg = Release|Any CPU
		{0470B111-43E0-44E5-97A5-2DDA69A444A0}.Release|Any CPU.Build.0 = Release|Any CPU
	EndGlobalSection
	GlobalSection(SolutionProperties) = preSolution
		HideSolutionNode = FALSE
	EndGlobalSection
	GlobalSection(ExtensibilityGlobals) = postSolution
		SolutionGuid = {19746C63-064B-4D00-B6CA-27997B25076B}
	EndGlobalSection
EndGlobal
